
Microsoft Visual Studio Solution File, Format Version 12.00
# Visual Studio Version 17
VisualStudioVersion = 17.14.36401.2 d17.14
MinimumVisualStudioVersion = 10.0.40219.1
Project("{FAE04EC0-301F-11D3-BF4B-00C04F79EFBC}") = "MEMZEffectTest", "MEMZEffectTest.csproj", "{1ED3D953-7B51-408A-AA5F-2D7C710208CF}"
EndProject
Global
	GlobalSection(SolutionConfigurationPlatforms) = preSolution
		Debug|Any CPU = Debug|Any CPU
		Release|Any CPU = Release|Any CPU
	EndGlobalSection
	GlobalSection(ProjectConfigurationPlatforms) = postSolution
		{1ED3D953-7B51-408A-AA5F-2D7C710208CF}.Debug|Any CPU.ActiveCfg = Debug|Any CPU
		{1ED3D953-7B51-408A-AA5F-2D7C710208CF}.Debug|Any CPU.Build.0 = Debug|Any CPU
		{1ED3D953-7B51-408A-AA5F-2D7C710208CF}.Release|Any CPU.ActiveCfg = Release|Any CPU
		{1ED3D953-7B51-408A-AA5F-2D7C710208CF}.Release|Any CPU.Build.0 = Release|Any CPU
	EndGlobalSection
	GlobalSection(SolutionProperties) = preSolution
		HideSolutionNode = FALSE
	EndGlobalSection
	GlobalSection(ExtensibilityGlobals) = postSolution
		SolutionGuid = {09AAB836-2C7D-4481-8220-D8804597B37C}
	EndGlobalSection
EndGlobal
